
Microsoft Visual Studio Solution File, Format Version 12.00
# Visual Studio Version 17
VisualStudioVersion = 17.1.32210.238
MinimumVisualStudioVersion = 10.0.40219.1
Project("{9A19103F-16F7-4668-BE54-9A1E7A4F7556}") = "Native Messaging Proxy", "Native Messaging Proxy\Native Messaging Proxy.csproj", "{A16EB163-B8A2-492B-BD6F-4C5C18C015D1}"
EndProject
Project("{9A19103F-16F7-4668-BE54-9A1E7A4F7556}") = "Native Messaging Companion", "Native Messaging Companion\Native Messaging Companion.csproj", "{839ECF00-FC6D-48A9-A47F-92B2A2A89886}"
EndProject
Global
	GlobalSection(SolutionConfigurationPlatforms) = preSolution
		Debug|Any CPU = Debug|Any CPU
		Release|Any CPU = Release|Any CPU
	EndGlobalSection
	GlobalSection(ProjectConfigurationPlatforms) = postSolution
		{A16EB163-B8A2-492B-BD6F-4C5C18C015D1}.Debug|Any CPU.ActiveCfg = Debug|Any CPU
		{A16EB163-B8A2-492B-BD6F-4C5C18C015D1}.Debug|Any CPU.Build.0 = Debug|Any CPU
		{A16EB163-B8A2-492B-BD6F-4C5C18C015D1}.Release|Any CPU.ActiveCfg = Release|Any CPU
		{A16EB163-B8A2-492B-BD6F-4C5C18C015D1}.Release|Any CPU.Build.0 = Release|Any CPU
		{839ECF00-FC6D-48A9-A47F-92B2A2A89886}.Debug|Any CPU.ActiveCfg = Debug|Any CPU
		{839ECF00-FC6D-48A9-A47F-92B2A2A89886}.Debug|Any CPU.Build.0 = Debug|Any CPU
		{839ECF00-FC6D-48A9-A47F-92B2A2A89886}.Release|Any CPU.ActiveCfg = Release|Any CPU
		{839ECF00-FC6D-48A9-A47F-92B2A2A89886}.Release|Any CPU.Build.0 = Release|Any CPU
	EndGlobalSection
	GlobalSection(SolutionProperties) = preSolution
		HideSolutionNode = FALSE
	EndGlobalSection
	GlobalSection(ExtensibilityGlobals) = postSolution
		SolutionGuid = {E70396C9-D70E-42CA-80FB-C31F1E9BB23E}
	EndGlobalSection
EndGlobal
